// !$*UTF8*$!
{
	archiveVersion = 1;
	classes = {
	};
	objectVersion = 55;
	objects = {

/* Begin PBXBuildFile section */
		198657FF27F7E4D1008EDD6B /* AppDelegate.swift in Sources */ = {isa = PBXBuildFile; fileRef = 198657FE27F7E4D1008EDD6B /* AppDelegate.swift */; };
		1986580127F7E4D1008EDD6B /* SceneDelegate.swift in Sources */ = {isa = PBXBuildFile; fileRef = 1986580027F7E4D1008EDD6B /* SceneDelegate.swift */; };
		1986580327F7E4D1008EDD6B /* ViewController.swift in Sources */ = {isa = PBXBuildFile; fileRef = 1986580227F7E4D1008EDD6B /* ViewController.swift */; };
		1986580627F7E4D1008EDD6B /* Main.storyboard in Resources */ = {isa = PBXBuildFile; fileRef = 1986580427F7E4D1008EDD6B /* Main.storyboard */; };
		1986580827F7E4D3008EDD6B /* Assets.xcassets in Resources */ = {isa = PBXBuildFile; fileRef = 1986580727F7E4D3008EDD6B /* Assets.xcassets */; };
		1986580B27F7E4D3008EDD6B /* LaunchScreen.storyboard in Resources */ = {isa = PBXBuildFile; fileRef = 1986580927F7E4D3008EDD6B /* LaunchScreen.storyboard */; };
		1986581627F7E4D3008EDD6B /* chattyTests.swift in Sources */ = {isa = PBXBuildFile; fileRef = 1986581527F7E4D3008EDD6B /* chattyTests.swift */; };
		1986582027F7E4D4008EDD6B /* chattyUITests.swift in Sources */ = {isa = PBXBuildFile; fileRef = 1986581F27F7E4D4008EDD6B /* chattyUITests.swift */; };
		1986582227F7E4D4008EDD6B /* chattyUITestsLaunchTests.swift in Sources */ = {isa = PBXBuildFile; fileRef = 1986582127F7E4D4008EDD6B /* chattyUITestsLaunchTests.swift */; };
		19989D4627F828CD0005C5E6 /* GoogleService-Info.plist in Resources */ = {isa = PBXBuildFile; fileRef = 19989D4527F828CD0005C5E6 /* GoogleService-Info.plist */; };
		EB97A6C4193DE0C32F6C0C60 /* Pods_chatty.framework in Frameworks */ = {isa = PBXBuildFile; fileRef = 309829233D2593DEBD832BCE /* Pods_chatty.framework */; };
		F271F4D5A1E7A85594C6A1E8 /* Pods_chatty_chattyUITests.framework in Frameworks */ = {isa = PBXBuildFile; fileRef = 63E7D6989996A61ABC9792A7 /* Pods_chatty_chattyUITests.framework */; };
		FAA67CA8712AC9B07D8E20EE /* Pods_chattyTests.framework in Frameworks */ = {isa = PBXBuildFile; fileRef = CC8C7077D746B924DF4663CB /* Pods_chattyTests.framework */; };
/* End PBXBuildFile section */

/* Begin PBXContainerItemProxy section */
		1986581227F7E4D3008EDD6B /* PBXContainerItemProxy */ = {
			isa = PBXContainerItemProxy;
			containerPortal = 198657F327F7E4D1008EDD6B /* Project object */;
			proxyType = 1;
			remoteGlobalIDString = 198657FA27F7E4D1008EDD6B;
			remoteInfo = chatty;
		};
		1986581C27F7E4D4008EDD6B /* PBXContainerItemProxy */ = {
			isa = PBXContainerItemProxy;
			containerPortal = 198657F327F7E4D1008EDD6B /* Project object */;
			proxyType = 1;
			remoteGlobalIDString = 198657FA27F7E4D1008EDD6B;
			remoteInfo = chatty;
		};
/* End PBXContainerItemProxy section */

/* Begin PBXFileReference section */
		198657FB27F7E4D1008EDD6B /* chatty.app */ = {isa = PBXFileReference; explicitFileType = wrapper.application; includeInIndex = 0; path = chatty.app; sourceTree = BUILT_PRODUCTS_DIR; };
		198657FE27F7E4D1008EDD6B /* AppDelegate.swift */ = {isa = PBXFileReference; lastKnownFileType = sourcecode.swift; path = AppDelegate.swift; sourceTree = "<group>"; };
		1986580027F7E4D1008EDD6B /* SceneDelegate.swift */ = {isa = PBXFileReference; lastKnownFileType = sourcecode.swift; path = SceneDelegate.swift; sourceTree = "<group>"; };
		1986580227F7E4D1008EDD6B /* ViewController.swift */ = {isa = PBXFileReference; lastKnownFileType = sourcecode.swift; path = ViewController.swift; sourceTree = "<group>"; };
		1986580527F7E4D1008EDD6B /* Base */ = {isa = PBXFileReference; lastKnownFileType = file.storyboard; name = Base; path = Base.lproj/Main.storyboard; sourceTree = "<group>"; };
		1986580727F7E4D3008EDD6B /* Assets.xcassets */ = {isa = PBXFileReference; lastKnownFileType = folder.assetcatalog; path = Assets.xcassets; sourceTree = "<group>"; };
		1986580A27F7E4D3008EDD6B /* Base */ = {isa = PBXFileReference; lastKnownFileType = file.storyboard; name = Base; path = Base.lproj/LaunchScreen.storyboard; sourceTree = "<group>"; };
		1986580C27F7E4D3008EDD6B /* Info.plist */ = {isa = PBXFileReference; lastKnownFileType = text.plist.xml; path = Info.plist; sourceTree = "<group>"; };
		1986581127F7E4D3008EDD6B /* chattyTests.xctest */ = {isa = PBXFileReference; explicitFileType = wrapper.cfbundle; includeInIndex = 0; path = chattyTests.xctest; sourceTree = BUILT_PRODUCTS_DIR; };
		1986581527F7E4D3008EDD6B /* chattyTests.swift */ = {isa = PBXFileReference; lastKnownFileType = sourcecode.swift; path = chattyTests.swift; sourceTree = "<group>"; };
		1986581B27F7E4D4008EDD6B /* chattyUITests.xctest */ = {isa = PBXFileReference; explicitFileType = wrapper.cfbundle; includeInIndex = 0; path = chattyUITests.xctest; sourceTree = BUILT_PRODUCTS_DIR; };
		1986581F27F7E4D4008EDD6B /* chattyUITests.swift */ = {isa = PBXFileReference; lastKnownFileType = sourcecode.swift; path = chattyUITests.swift; sourceTree = "<group>"; };
		1986582127F7E4D4008EDD6B /* chattyUITestsLaunchTests.swift */ = {isa = PBXFileReference; lastKnownFileType = sourcecode.swift; path = chattyUITestsLaunchTests.swift; sourceTree = "<group>"; };
		19989D4527F828CD0005C5E6 /* GoogleService-Info.plist */ = {isa = PBXFileReference; fileEncoding = 4; lastKnownFileType = text.plist.xml; path = "GoogleService-Info.plist"; sourceTree = "<group>"; };
		309829233D2593DEBD832BCE /* Pods_chatty.framework */ = {isa = PBXFileReference; explicitFileType = wrapper.framework; includeInIndex = 0; path = Pods_chatty.framework; sourceTree = BUILT_PRODUCTS_DIR; };
		48B5040AAE33AF25CF027EAC /* Pods-chattyTests.release.xcconfig */ = {isa = PBXFileReference; includeInIndex = 1; lastKnownFileType = text.xcconfig; name = "Pods-chattyTests.release.xcconfig"; path = "Target Support Files/Pods-chattyTests/Pods-chattyTests.release.xcconfig"; sourceTree = "<group>"; };
		5E2E5F2E2B5B553197A24BD2 /* Pods-chatty.release.xcconfig */ = {isa = PBXFileReference; includeInIndex = 1; lastKnownFileType = text.xcconfig; name = "Pods-chatty.release.xcconfig"; path = "Target Support Files/Pods-chatty/Pods-chatty.release.xcconfig"; sourceTree = "<group>"; };
		63E7D6989996A61ABC9792A7 /* Pods_chatty_chattyUITests.framework */ = {isa = PBXFileReference; explicitFileType = wrapper.framework; includeInIndex = 0; path = Pods_chatty_chattyUITests.framework; sourceTree = BUILT_PRODUCTS_DIR; };
		742A5386DDBB842FDED20CA7 /* Pods-chatty-chattyUITests.debug.xcconfig */ = {isa = PBXFileReference; includeInIndex = 1; lastKnownFileType = text.xcconfig; name = "Pods-chatty-chattyUITests.debug.xcconfig"; path = "Target Support Files/Pods-chatty-chattyUITests/Pods-chatty-chattyUITests.debug.xcconfig"; sourceTree = "<group>"; };
		80F8AE147ADBEFBBD9E0176C /* Pods-chatty-chattyUITests.release.xcconfig */ = {isa = PBXFileReference; includeInIndex = 1; lastKnownFileType = text.xcconfig; name = "Pods-chatty-chattyUITests.release.xcconfig"; path = "Target Support Files/Pods-chatty-chattyUITests/Pods-chatty-chattyUITests.release.xcconfig"; sourceTree = "<group>"; };
		BB7A905213354BA5CAD0AB47 /* Pods-chatty.debug.xcconfig */ = {isa = PBXFileReference; includeInIndex = 1; lastKnownFileType = text.xcconfig; name = "Pods-chatty.debug.xcconfig"; path = "Target Support Files/Pods-chatty/Pods-chatty.debug.xcconfig"; sourceTree = "<group>"; };
		CC8C7077D746B924DF4663CB /* Pods_chattyTests.framework */ = {isa = PBXFileReference; explicitFileType = wrapper.framework; includeInIndex = 0; path = Pods_chattyTests.framework; sourceTree = BUILT_PRODUCTS_DIR; };
		D9DFE96661203FEE5BC8494F /* Pods-chattyTests.debug.xcconfig */ = {isa = PBXFileReference; includeInIndex = 1; lastKnownFileType = text.xcconfig; name = "Pods-chattyTests.debug.xcconfig"; path = "Target Support Files/Pods-chattyTests/Pods-chattyTests.debug.xcconfig"; sourceTree = "<group>"; };
/* End PBXFileReference section */

/* Begin PBXFrameworksBuildPhase section */
		198657F827F7E4D1008EDD6B /* Frameworks */ = {
			isa = PBXFrameworksBuildPhase;
			buildActionMask = 2147483647;
			files = (
				EB97A6C4193DE0C32F6C0C60 /* Pods_chatty.framework in Frameworks */,
			);
			runOnlyForDeploymentPostprocessing = 0;
		};
		1986580E27F7E4D3008EDD6B /* Frameworks */ = {
			isa = PBXFrameworksBuildPhase;
			buildActionMask = 2147483647;
			files = (
				FAA67CA8712AC9B07D8E20EE /* Pods_chattyTests.framework in Frameworks */,
			);
			runOnlyForDeploymentPostprocessing = 0;
		};
		1986581827F7E4D4008EDD6B /* Frameworks */ = {
			isa = PBXFrameworksBuildPhase;
			buildActionMask = 2147483647;
			files = (
				F271F4D5A1E7A85594C6A1E8 /* Pods_chatty_chattyUITests.framework in Frameworks */,
			);
			runOnlyForDeploymentPostprocessing = 0;
		};
/* End PBXFrameworksBuildPhase section */

/* Begin PBXGroup section */
		174EBB08B937F1AA62613F20 /* Frameworks */ = {
			isa = PBXGroup;
			children = (
				309829233D2593DEBD832BCE /* Pods_chatty.framework */,
				63E7D6989996A61ABC9792A7 /* Pods_chatty_chattyUITests.framework */,
				CC8C7077D746B924DF4663CB /* Pods_chattyTests.framework */,
			);
			name = Frameworks;
			sourceTree = "<group>";
		};
		198657F227F7E4D1008EDD6B = {
			isa = PBXGroup;
			children = (
				198657FD27F7E4D1008EDD6B /* chatty */,
				1986581427F7E4D3008EDD6B /* chattyTests */,
				1986581E27F7E4D4008EDD6B /* chattyUITests */,
				198657FC27F7E4D1008EDD6B /* Products */,
				EA703F359C146ADDD027E799 /* Pods */,
				174EBB08B937F1AA62613F20 /* Frameworks */,
			);
			sourceTree = "<group>";
		};
		198657FC27F7E4D1008EDD6B /* Products */ = {
			isa = PBXGroup;
			children = (
				198657FB27F7E4D1008EDD6B /* chatty.app */,
				1986581127F7E4D3008EDD6B /* chattyTests.xctest */,
				1986581B27F7E4D4008EDD6B /* chattyUITests.xctest */,
			);
			name = Products;
			sourceTree = "<group>";
		};
		198657FD27F7E4D1008EDD6B /* chatty */ = {
			isa = PBXGroup;
			children = (
				19989D4027F827AA0005C5E6 /* Network */,
				19989D3E27F826FB0005C5E6 /* Screens */,
				19989D4127F827B30005C5E6 /* Utilities */,
				1986580027F7E4D1008EDD6B /* SceneDelegate.swift */,
				198657FE27F7E4D1008EDD6B /* AppDelegate.swift */,
				1986580727F7E4D3008EDD6B /* Assets.xcassets */,
				1986580927F7E4D3008EDD6B /* LaunchScreen.storyboard */,
				1986580C27F7E4D3008EDD6B /* Info.plist */,
				19989D4527F828CD0005C5E6 /* GoogleService-Info.plist */,
			);
			path = chatty;
			sourceTree = "<group>";
		};
		1986581427F7E4D3008EDD6B /* chattyTests */ = {
			isa = PBXGroup;
			children = (
				1986581527F7E4D3008EDD6B /* chattyTests.swift */,
			);
			path = chattyTests;
			sourceTree = "<group>";
		};
		1986581E27F7E4D4008EDD6B /* chattyUITests */ = {
			isa = PBXGroup;
			children = (
				1986581F27F7E4D4008EDD6B /* chattyUITests.swift */,
				1986582127F7E4D4008EDD6B /* chattyUITestsLaunchTests.swift */,
			);
			path = chattyUITests;
			sourceTree = "<group>";
		};
		19989D3E27F826FB0005C5E6 /* Screens */ = {
			isa = PBXGroup;
			children = (
				19989D4427F828100005C5E6 /* Reactor */,
				19989D4327F827FD0005C5E6 /* ViewControllers */,
				19989D4227F827F50005C5E6 /* Storyboards */,
			);
			path = Screens;
			sourceTree = "<group>";
		};
		19989D4027F827AA0005C5E6 /* Network */ = {
			isa = PBXGroup;
			children = (
				19989D4827F82C640005C5E6 /* NetworkModels */,
				19989D4727F82C5F0005C5E6 /* Service */,
			);
			path = Network;
			sourceTree = "<group>";
		};
		19989D4127F827B30005C5E6 /* Utilities */ = {
			isa = PBXGroup;
			children = (
			);
			path = Utilities;
			sourceTree = "<group>";
		};
		19989D4227F827F50005C5E6 /* Storyboards */ = {
			isa = PBXGroup;
			children = (
				1986580427F7E4D1008EDD6B /* Main.storyboard */,
			);
			path = Storyboards;
			sourceTree = "<group>";
		};
		19989D4327F827FD0005C5E6 /* ViewControllers */ = {
			isa = PBXGroup;
			children = (
				1986580227F7E4D1008EDD6B /* ViewController.swift */,
			);
			path = ViewControllers;
			sourceTree = "<group>";
		};
		19989D4427F828100005C5E6 /* Reactor */ = {
			isa = PBXGroup;
			children = (
			);
			path = Reactor;
			sourceTree = "<group>";
		};
		19989D4727F82C5F0005C5E6 /* Service */ = {
			isa = PBXGroup;
			children = (
			);
			path = Service;
			sourceTree = "<group>";
		};
		19989D4827F82C640005C5E6 /* NetworkModels */ = {
			isa = PBXGroup;
			children = (
			);
			path = NetworkModels;
			sourceTree = "<group>";
		};
		EA703F359C146ADDD027E799 /* Pods */ = {
			isa = PBXGroup;
			children = (
				BB7A905213354BA5CAD0AB47 /* Pods-chatty.debug.xcconfig */,
				5E2E5F2E2B5B553197A24BD2 /* Pods-chatty.release.xcconfig */,
				742A5386DDBB842FDED20CA7 /* Pods-chatty-chattyUITests.debug.xcconfig */,
				80F8AE147ADBEFBBD9E0176C /* Pods-chatty-chattyUITests.release.xcconfig */,
				D9DFE96661203FEE5BC8494F /* Pods-chattyTests.debug.xcconfig */,
				48B5040AAE33AF25CF027EAC /* Pods-chattyTests.release.xcconfig */,
			);
			path = Pods;
			sourceTree = "<group>";
		};
/* End PBXGroup section */

/* Begin PBXNativeTarget section */
		198657FA27F7E4D1008EDD6B /* chatty */ = {
			isa = PBXNativeTarget;
			buildConfigurationList = 1986582527F7E4D4008EDD6B /* Build configuration list for PBXNativeTarget "chatty" */;
			buildPhases = (
				82A667C50AC89B11CC1F56AA /* [CP] Check Pods Manifest.lock */,
				198657F727F7E4D1008EDD6B /* Sources */,
				198657F827F7E4D1008EDD6B /* Frameworks */,
				198657F927F7E4D1008EDD6B /* Resources */,
				6F3A6FD88F1CE8A252BE2514 /* [CP] Embed Pods Frameworks */,
			);
			buildRules = (
			);
			dependencies = (
			);
			name = chatty;
			productName = chatty;
			productReference = 198657FB27F7E4D1008EDD6B /* chatty.app */;
			productType = "com.apple.product-type.application";
		};
		1986581027F7E4D3008EDD6B /* chattyTests */ = {
			isa = PBXNativeTarget;
			buildConfigurationList = 1986582827F7E4D4008EDD6B /* Build configuration list for PBXNativeTarget "chattyTests" */;
			buildPhases = (
				E8956CFA33A5322938EED5E5 /* [CP] Check Pods Manifest.lock */,
				1986580D27F7E4D3008EDD6B /* Sources */,
				1986580E27F7E4D3008EDD6B /* Frameworks */,
				1986580F27F7E4D3008EDD6B /* Resources */,
			);
			buildRules = (
			);
			dependencies = (
				1986581327F7E4D3008EDD6B /* PBXTargetDependency */,
			);
			name = chattyTests;
			productName = chattyTests;
			productReference = 1986581127F7E4D3008EDD6B /* chattyTests.xctest */;
			productType = "com.apple.product-type.bundle.unit-test";
		};
		1986581A27F7E4D4008EDD6B /* chattyUITests */ = {
			isa = PBXNativeTarget;
			buildConfigurationList = 1986582B27F7E4D4008EDD6B /* Build configuration list for PBXNativeTarget "chattyUITests" */;
			buildPhases = (
				1D89D8ADC9B2D8E948507444 /* [CP] Check Pods Manifest.lock */,
				1986581727F7E4D4008EDD6B /* Sources */,
				1986581827F7E4D4008EDD6B /* Frameworks */,
				1986581927F7E4D4008EDD6B /* Resources */,
				7256B3B415387B5D08B88EB1 /* [CP] Embed Pods Frameworks */,
			);
			buildRules = (
			);
			dependencies = (
				1986581D27F7E4D4008EDD6B /* PBXTargetDependency */,
			);
			name = chattyUITests;
			productName = chattyUITests;
			productReference = 1986581B27F7E4D4008EDD6B /* chattyUITests.xctest */;
			productType = "com.apple.product-type.bundle.ui-testing";
		};
/* End PBXNativeTarget section */

/* Begin PBXProject section */
		198657F327F7E4D1008EDD6B /* Project object */ = {
			isa = PBXProject;
			attributes = {
				BuildIndependentTargetsInParallel = 1;
				LastSwiftUpdateCheck = 1330;
				LastUpgradeCheck = 1330;
				TargetAttributes = {
					198657FA27F7E4D1008EDD6B = {
						CreatedOnToolsVersion = 13.3;
					};
					1986581027F7E4D3008EDD6B = {
						CreatedOnToolsVersion = 13.3;
						TestTargetID = 198657FA27F7E4D1008EDD6B;
					};
					1986581A27F7E4D4008EDD6B = {
						CreatedOnToolsVersion = 13.3;
						TestTargetID = 198657FA27F7E4D1008EDD6B;
					};
				};
			};
			buildConfigurationList = 198657F627F7E4D1008EDD6B /* Build configuration list for PBXProject "chatty" */;
			compatibilityVersion = "Xcode 13.0";
			developmentRegion = en;
			hasScannedForEncodings = 0;
			knownRegions = (
				en,
				Base,
			);
			mainGroup = 198657F227F7E4D1008EDD6B;
			productRefGroup = 198657FC27F7E4D1008EDD6B /* Products */;
			projectDirPath = "";
			projectRoot = "";
			targets = (
				198657FA27F7E4D1008EDD6B /* chatty */,
				1986581027F7E4D3008EDD6B /* chattyTests */,
				1986581A27F7E4D4008EDD6B /* chattyUITests */,
			);
		};
/* End PBXProject section */

/* Begin PBXResourcesBuildPhase section */
		198657F927F7E4D1008EDD6B /* Resources */ = {
			isa = PBXResourcesBuildPhase;
			buildActionMask = 2147483647;
			files = (
				1986580B27F7E4D3008EDD6B /* LaunchScreen.storyboard in Resources */,
				1986580827F7E4D3008EDD6B /* Assets.xcassets in Resources */,
				1986580627F7E4D1008EDD6B /* Main.storyboard in Resources */,
				19989D4627F828CD0005C5E6 /* GoogleService-Info.plist in Resources */,
			);
			runOnlyForDeploymentPostprocessing = 0;
		};
		1986580F27F7E4D3008EDD6B /* Resources */ = {
			isa = PBXResourcesBuildPhase;
			buildActionMask = 2147483647;
			files = (
			);
			runOnlyForDeploymentPostprocessing = 0;
		};
		1986581927F7E4D4008EDD6B /* Resources */ = {
			isa = PBXResourcesBuildPhase;
			buildActionMask = 2147483647;
			files = (
			);
			runOnlyForDeploymentPostprocessing = 0;
		};
/* End PBXResourcesBuildPhase section */

/* Begin PBXShellScriptBuildPhase section */
		1D89D8ADC9B2D8E948507444 /* [CP] Check Pods Manifest.lock */ = {
			isa = PBXShellScriptBuildPhase;
			buildActionMask = 2147483647;
			files = (
			);
			inputFileListPaths = (
			);
			inputPaths = (
				"${PODS_PODFILE_DIR_PATH}/Podfile.lock",
				"${PODS_ROOT}/Manifest.lock",
			);
			name = "[CP] Check Pods Manifest.lock";
			outputFileListPaths = (
			);
			outputPaths = (
				"$(DERIVED_FILE_DIR)/Pods-chatty-chattyUITests-checkManifestLockResult.txt",
			);
			runOnlyForDeploymentPostprocessing = 0;
			shellPath = /bin/sh;
			shellScript = "diff \"${PODS_PODFILE_DIR_PATH}/Podfile.lock\" \"${PODS_ROOT}/Manifest.lock\" > /dev/null\nif [ $? != 0 ] ; then\n    # print error to STDERR\n    echo \"error: The sandbox is not in sync with the Podfile.lock. Run 'pod install' or update your CocoaPods installation.\" >&2\n    exit 1\nfi\n# This output is used by Xcode 'outputs' to avoid re-running this script phase.\necho \"SUCCESS\" > \"${SCRIPT_OUTPUT_FILE_0}\"\n";
			showEnvVarsInLog = 0;
		};
		6F3A6FD88F1CE8A252BE2514 /* [CP] Embed Pods Frameworks */ = {
			isa = PBXShellScriptBuildPhase;
			buildActionMask = 2147483647;
			files = (
			);
			inputFileListPaths = (
				"${PODS_ROOT}/Target Support Files/Pods-chatty/Pods-chatty-frameworks-${CONFIGURATION}-input-files.xcfilelist",
			);
			name = "[CP] Embed Pods Frameworks";
			outputFileListPaths = (
				"${PODS_ROOT}/Target Support Files/Pods-chatty/Pods-chatty-frameworks-${CONFIGURATION}-output-files.xcfilelist",
			);
			runOnlyForDeploymentPostprocessing = 0;
			shellPath = /bin/sh;
			shellScript = "\"${PODS_ROOT}/Target Support Files/Pods-chatty/Pods-chatty-frameworks.sh\"\n";
			showEnvVarsInLog = 0;
		};
		7256B3B415387B5D08B88EB1 /* [CP] Embed Pods Frameworks */ = {
			isa = PBXShellScriptBuildPhase;
			buildActionMask = 2147483647;
			files = (
			);
			inputFileListPaths = (
				"${PODS_ROOT}/Target Support Files/Pods-chatty-chattyUITests/Pods-chatty-chattyUITests-frameworks-${CONFIGURATION}-input-files.xcfilelist",
			);
			name = "[CP] Embed Pods Frameworks";
			outputFileListPaths = (
				"${PODS_ROOT}/Target Support Files/Pods-chatty-chattyUITests/Pods-chatty-chattyUITests-frameworks-${CONFIGURATION}-output-files.xcfilelist",
			);
			runOnlyForDeploymentPostprocessing = 0;
			shellPath = /bin/sh;
			shellScript = "\"${PODS_ROOT}/Target Support Files/Pods-chatty-chattyUITests/Pods-chatty-chattyUITests-frameworks.sh\"\n";
			showEnvVarsInLog = 0;
		};
		82A667C50AC89B11CC1F56AA /* [CP] Check Pods Manifest.lock */ = {
			isa = PBXShellScriptBuildPhase;
			buildActionMask = 2147483647;
			files = (
			);
			inputFileListPaths = (
			);
			inputPaths = (
				"${PODS_PODFILE_DIR_PATH}/Podfile.lock",
				"${PODS_ROOT}/Manifest.lock",
			);
			name = "[CP] Check Pods Manifest.lock";
			outputFileListPaths = (
			);
			outputPaths = (
				"$(DERIVED_FILE_DIR)/Pods-chatty-checkManifestLockResult.txt",
			);
			runOnlyForDeploymentPostprocessing = 0;
			shellPath = /bin/sh;
			shellScript = "diff \"${PODS_PODFILE_DIR_PATH}/Podfile.lock\" \"${PODS_ROOT}/Manifest.lock\" > /dev/null\nif [ $? != 0 ] ; then\n    # print error to STDERR\n    echo \"error: The sandbox is not in sync with the Podfile.lock. Run 'pod install' or update your CocoaPods installation.\" >&2\n    exit 1\nfi\n# This output is used by Xcode 'outputs' to avoid re-running this script phase.\necho \"SUCCESS\" > \"${SCRIPT_OUTPUT_FILE_0}\"\n";
			showEnvVarsInLog = 0;
		};
		E8956CFA33A5322938EED5E5 /* [CP] Check Pods Manifest.lock */ = {
			isa = PBXShellScriptBuildPhase;
			buildActionMask = 2147483647;
			files = (
			);
			inputFileListPaths = (
			);
			inputPaths = (
				"${PODS_PODFILE_DIR_PATH}/Podfile.lock",
				"${PODS_ROOT}/Manifest.lock",
			);
			name = "[CP] Check Pods Manifest.lock";
			outputFileListPaths = (
			);
			outputPaths = (
				"$(DERIVED_FILE_DIR)/Pods-chattyTests-checkManifestLockResult.txt",
			);
			runOnlyForDeploymentPostprocessing = 0;
			shellPath = /bin/sh;
			shellScript = "diff \"${PODS_PODFILE_DIR_PATH}/Podfile.lock\" \"${PODS_ROOT}/Manifest.lock\" > /dev/null\nif [ $? != 0 ] ; then\n    # print error to STDERR\n    echo \"error: The sandbox is not in sync with the Podfile.lock. Run 'pod install' or update your CocoaPods installation.\" >&2\n    exit 1\nfi\n# This output is used by Xcode 'outputs' to avoid re-running this script phase.\necho \"SUCCESS\" > \"${SCRIPT_OUTPUT_FILE_0}\"\n";
			showEnvVarsInLog = 0;
		};
/* End PBXShellScriptBuildPhase section */

/* Begin PBXSourcesBuildPhase section */
		198657F727F7E4D1008EDD6B /* Sources */ = {
			isa = PBXSourcesBuildPhase;
			buildActionMask = 2147483647;
			files = (
				1986580327F7E4D1008EDD6B /* ViewController.swift in Sources */,
				198657FF27F7E4D1008EDD6B /* AppDelegate.swift in Sources */,
				1986580127F7E4D1008EDD6B /* SceneDelegate.swift in Sources */,
			);
			runOnlyForDeploymentPostprocessing = 0;
		};
		1986580D27F7E4D3008EDD6B /* Sources */ = {
			isa = PBXSourcesBuildPhase;
			buildActionMask = 2147483647;
			files = (
				1986581627F7E4D3008EDD6B /* chattyTests.swift in Sources */,
			);
			runOnlyForDeploymentPostprocessing = 0;
		};
		1986581727F7E4D4008EDD6B /* Sources */ = {
			isa = PBXSourcesBuildPhase;
			buildActionMask = 2147483647;
			files = (
				1986582027F7E4D4008EDD6B /* chattyUITests.swift in Sources */,
				1986582227F7E4D4008EDD6B /* chattyUITestsLaunchTests.swift in Sources */,
			);
			runOnlyForDeploymentPostprocessing = 0;
		};
/* End PBXSourcesBuildPhase section */

/* Begin PBXTargetDependency section */
		1986581327F7E4D3008EDD6B /* PBXTargetDependency */ = {
			isa = PBXTargetDependency;
			target = 198657FA27F7E4D1008EDD6B /* chatty */;
			targetProxy = 1986581227F7E4D3008EDD6B /* PBXContainerItemProxy */;
		};
		1986581D27F7E4D4008EDD6B /* PBXTargetDependency */ = {
			isa = PBXTargetDependency;
			target = 198657FA27F7E4D1008EDD6B /* chatty */;
			targetProxy = 1986581C27F7E4D4008EDD6B /* PBXContainerItemProxy */;
		};
/* End PBXTargetDependency section */

/* Begin PBXVariantGroup section */
		1986580427F7E4D1008EDD6B /* Main.storyboard */ = {
			isa = PBXVariantGroup;
			children = (
				1986580527F7E4D1008EDD6B /* Base */,
			);
			name = Main.storyboard;
			sourceTree = "<group>";
		};
		1986580927F7E4D3008EDD6B /* LaunchScreen.storyboard */ = {
			isa = PBXVariantGroup;
			children = (
				1986580A27F7E4D3008EDD6B /* Base */,
			);
			name = LaunchScreen.storyboard;
			sourceTree = "<group>";
		};
/* End PBXVariantGroup section */

/* Begin XCBuildConfiguration section */
		1986582327F7E4D4008EDD6B /* Debug */ = {
			isa = XCBuildConfiguration;
			buildSettings = {
				ALWAYS_SEARCH_USER_PATHS = NO;
				CLANG_ANALYZER_NONNULL = YES;
				CLANG_ANALYZER_NUMBER_OBJECT_CONVERSION = YES_AGGRESSIVE;
				CLANG_CXX_LANGUAGE_STANDARD = "gnu++17";
				CLANG_ENABLE_MODULES = YES;
				CLANG_ENABLE_OBJC_ARC = YES;
				CLANG_ENABLE_OBJC_WEAK = YES;
				CLANG_WARN_BLOCK_CAPTURE_AUTORELEASING = YES;
				CLANG_WARN_BOOL_CONVERSION = YES;
				CLANG_WARN_COMMA = YES;
				CLANG_WARN_CONSTANT_CONVERSION = YES;
				CLANG_WARN_DEPRECATED_OBJC_IMPLEMENTATIONS = YES;
				CLANG_WARN_DIRECT_OBJC_ISA_USAGE = YES_ERROR;
				CLANG_WARN_DOCUMENTATION_COMMENTS = YES;
				CLANG_WARN_EMPTY_BODY = YES;
				CLANG_WARN_ENUM_CONVERSION = YES;
				CLANG_WARN_INFINITE_RECURSION = YES;
				CLANG_WARN_INT_CONVERSION = YES;
				CLANG_WARN_NON_LITERAL_NULL_CONVERSION = YES;
				CLANG_WARN_OBJC_IMPLICIT_RETAIN_SELF = YES;
				CLANG_WARN_OBJC_LITERAL_CONVERSION = YES;
				CLANG_WARN_OBJC_ROOT_CLASS = YES_ERROR;
				CLANG_WARN_QUOTED_INCLUDE_IN_FRAMEWORK_HEADER = YES;
				CLANG_WARN_RANGE_LOOP_ANALYSIS = YES;
				CLANG_WARN_STRICT_PROTOTYPES = YES;
				CLANG_WARN_SUSPICIOUS_MOVE = YES;
				CLANG_WARN_UNGUARDED_AVAILABILITY = YES_AGGRESSIVE;
				CLANG_WARN_UNREACHABLE_CODE = YES;
				CLANG_WARN__DUPLICATE_METHOD_MATCH = YES;
				COPY_PHASE_STRIP = NO;
				DEBUG_INFORMATION_FORMAT = dwarf;
				ENABLE_STRICT_OBJC_MSGSEND = YES;
				ENABLE_TESTABILITY = YES;
				GCC_C_LANGUAGE_STANDARD = gnu11;
				GCC_DYNAMIC_NO_PIC = NO;
				GCC_NO_COMMON_BLOCKS = YES;
				GCC_OPTIMIZATION_LEVEL = 0;
				GCC_PREPROCESSOR_DEFINITIONS = (
					"DEBUG=1",
					"$(inherited)",
				);
				GCC_WARN_64_TO_32_BIT_CONVERSION = YES;
				GCC_WARN_ABOUT_RETURN_TYPE = YES_ERROR;
				GCC_WARN_UNDECLARED_SELECTOR = YES;
				GCC_WARN_UNINITIALIZED_AUTOS = YES_AGGRESSIVE;
				GCC_WARN_UNUSED_FUNCTION = YES;
				GCC_WARN_UNUSED_VARIABLE = YES;
				IPHONEOS_DEPLOYMENT_TARGET = 14.0;
				MTL_ENABLE_DEBUG_INFO = INCLUDE_SOURCE;
				MTL_FAST_MATH = YES;
				ONLY_ACTIVE_ARCH = YES;
				SDKROOT = iphoneos;
				SWIFT_ACTIVE_COMPILATION_CONDITIONS = DEBUG;
				SWIFT_OPTIMIZATION_LEVEL = "-Onone";
			};
			name = Debug;
		};
		1986582427F7E4D4008EDD6B /* Release */ = {
			isa = XCBuildConfiguration;
			buildSettings = {
				ALWAYS_SEARCH_USER_PATHS = NO;
				CLANG_ANALYZER_NONNULL = YES;
				CLANG_ANALYZER_NUMBER_OBJECT_CONVERSION = YES_AGGRESSIVE;
				CLANG_CXX_LANGUAGE_STANDARD = "gnu++17";
				CLANG_ENABLE_MODULES = YES;
				CLANG_ENABLE_OBJC_ARC = YES;
				CLANG_ENABLE_OBJC_WEAK = YES;
				CLANG_WARN_BLOCK_CAPTURE_AUTORELEASING = YES;
				CLANG_WARN_BOOL_CONVERSION = YES;
				CLANG_WARN_COMMA = YES;
				CLANG_WARN_CONSTANT_CONVERSION = YES;
				CLANG_WARN_DEPRECATED_OBJC_IMPLEMENTATIONS = YES;
				CLANG_WARN_DIRECT_OBJC_ISA_USAGE = YES_ERROR;
				CLANG_WARN_DOCUMENTATION_COMMENTS = YES;
				CLANG_WARN_EMPTY_BODY = YES;
				CLANG_WARN_ENUM_CONVERSION = YES;
				CLANG_WARN_INFINITE_RECURSION = YES;
				CLANG_WARN_INT_CONVERSION = YES;
				CLANG_WARN_NON_LITERAL_NULL_CONVERSION = YES;
				CLANG_WARN_OBJC_IMPLICIT_RETAIN_SELF = YES;
				CLANG_WARN_OBJC_LITERAL_CONVERSION = YES;
				CLANG_WARN_OBJC_ROOT_CLASS = YES_ERROR;
				CLANG_WARN_QUOTED_INCLUDE_IN_FRAMEWORK_HEADER = YES;
				CLANG_WARN_RANGE_LOOP_ANALYSIS = YES;
				CLANG_WARN_STRICT_PROTOTYPES = YES;
				CLANG_WARN_SUSPICIOUS_MOVE = YES;
				CLANG_WARN_UNGUARDED_AVAILABILITY = YES_AGGRESSIVE;
				CLANG_WARN_UNREACHABLE_CODE = YES;
				CLANG_WARN__DUPLICATE_METHOD_MATCH = YES;
				COPY_PHASE_STRIP = NO;
				DEBUG_INFORMATION_FORMAT = "dwarf-with-dsym";
				ENABLE_NS_ASSERTIONS = NO;
				ENABLE_STRICT_OBJC_MSGSEND = YES;
				GCC_C_LANGUAGE_STANDARD = gnu11;
				GCC_NO_COMMON_BLOCKS = YES;
				GCC_WARN_64_TO_32_BIT_CONVERSION = YES;
				GCC_WARN_ABOUT_RETURN_TYPE = YES_ERROR;
				GCC_WARN_UNDECLARED_SELECTOR = YES;
				GCC_WARN_UNINITIALIZED_AUTOS = YES_AGGRESSIVE;
				GCC_WARN_UNUSED_FUNCTION = YES;
				GCC_WARN_UNUSED_VARIABLE = YES;
				IPHONEOS_DEPLOYMENT_TARGET = 14.0;
				MTL_ENABLE_DEBUG_INFO = NO;
				MTL_FAST_MATH = YES;
				ONLY_ACTIVE_ARCH = NO;
				SDKROOT = iphoneos;
				SWIFT_COMPILATION_MODE = wholemodule;
				SWIFT_OPTIMIZATION_LEVEL = "-O";
				VALIDATE_PRODUCT = YES;
			};
			name = Release;
		};
		1986582627F7E4D4008EDD6B /* Debug */ = {
			isa = XCBuildConfiguration;
			baseConfigurationReference = BB7A905213354BA5CAD0AB47 /* Pods-chatty.debug.xcconfig */;
			buildSettings = {
				ASSETCATALOG_COMPILER_APPICON_NAME = AppIcon;
				ASSETCATALOG_COMPILER_GLOBAL_ACCENT_COLOR_NAME = AccentColor;
				CODE_SIGN_STYLE = Automatic;
				CURRENT_PROJECT_VERSION = 1;
				DEVELOPMENT_TEAM = K2VAN9GH96;
				GENERATE_INFOPLIST_FILE = YES;
				INFOPLIST_FILE = chatty/Info.plist;
				INFOPLIST_KEY_UIApplicationSupportsIndirectInputEvents = YES;
				INFOPLIST_KEY_UILaunchStoryboardName = LaunchScreen;
				INFOPLIST_KEY_UIMainStoryboardFile = Main;
				INFOPLIST_KEY_UISupportedInterfaceOrientations_iPad = "UIInterfaceOrientationPortrait UIInterfaceOrientationPortraitUpsideDown UIInterfaceOrientationLandscapeLeft UIInterfaceOrientationLandscapeRight";
				INFOPLIST_KEY_UISupportedInterfaceOrientations_iPhone = "UIInterfaceOrientationPortrait UIInterfaceOrientationLandscapeLeft UIInterfaceOrientationLandscapeRight";
				LD_RUNPATH_SEARCH_PATHS = (
					"$(inherited)",
					"@executable_path/Frameworks",
				);
				MARKETING_VERSION = 1.0;
				PRODUCT_BUNDLE_IDENTIFIER = com.loinsir.chatty;
				PRODUCT_NAME = "$(TARGET_NAME)";
				SWIFT_EMIT_LOC_STRINGS = YES;
				SWIFT_VERSION = 5.0;
				TARGETED_DEVICE_FAMILY = "1,2";
			};
			name = Debug;
		};
		1986582727F7E4D4008EDD6B /* Release */ = {
			isa = XCBuildConfiguration;
			baseConfigurationReference = 5E2E5F2E2B5B553197A24BD2 /* Pods-chatty.release.xcconfig */;
			buildSettings = {
				ASSETCATALOG_COMPILER_APPICON_NAME = AppIcon;
				ASSETCATALOG_COMPILER_GLOBAL_ACCENT_COLOR_NAME = AccentColor;
				CODE_SIGN_STYLE = Automatic;
				CURRENT_PROJECT_VERSION = 1;
				DEVELOPMENT_TEAM = K2VAN9GH96;
				GENERATE_INFOPLIST_FILE = YES;
				INFOPLIST_FILE = chatty/Info.plist;
				INFOPLIST_KEY_UIApplicationSupportsIndirectInputEvents = YES;
				INFOPLIST_KEY_UILaunchStoryboardName = LaunchScreen;
				INFOPLIST_KEY_UIMainStoryboardFile = Main;
				INFOPLIST_KEY_UISupportedInterfaceOrientations_iPad = "UIInterfaceOrientationPortrait UIInterfaceOrientationPortraitUpsideDown UIInterfaceOrientationLandscapeLeft UIInterfaceOrientationLandscapeRight";
				INFOPLIST_KEY_UISupportedInterfaceOrientations_iPhone = "UIInterfaceOrientationPortrait UIInterfaceOrientationLandscapeLeft UIInterfaceOrientationLandscapeRight";
				LD_RUNPATH_SEARCH_PATHS = (
					"$(inherited)",
					"@executable_path/Frameworks",
				);
				MARKETING_VERSION = 1.0;
				ONLY_ACTIVE_ARCH = NO;
				PRODUCT_BUNDLE_IDENTIFIER = com.loinsir.chatty;
				PRODUCT_NAME = "$(TARGET_NAME)";
				SWIFT_EMIT_LOC_STRINGS = YES;
				SWIFT_VERSION = 5.0;
				TARGETED_DEVICE_FAMILY = "1,2";
			};
			name = Release;
		};
		1986582927F7E4D4008EDD6B /* Debug */ = {
			isa = XCBuildConfiguration;
			baseConfigurationReference = D9DFE96661203FEE5BC8494F /* Pods-chattyTests.debug.xcconfig */;
			buildSettings = {
				ALWAYS_EMBED_SWIFT_STANDARD_LIBRARIES = YES;
				BUNDLE_LOADER = "$(TEST_HOST)";
				CODE_SIGN_STYLE = Automatic;
				CURRENT_PROJECT_VERSION = 1;
				DEVELOPMENT_TEAM = K2VAN9GH96;
				GENERATE_INFOPLIST_FILE = YES;
				IPHONEOS_DEPLOYMENT_TARGET = 15.4;
				MARKETING_VERSION = 1.0;
				PRODUCT_BUNDLE_IDENTIFIER = com.loinsir.chattyTests;
				PRODUCT_NAME = "$(TARGET_NAME)";
				SWIFT_EMIT_LOC_STRINGS = NO;
				SWIFT_VERSION = 5.0;
				TARGETED_DEVICE_FAMILY = "1,2";
				TEST_HOST = "$(BUILT_PRODUCTS_DIR)/chatty.app/chatty";
			};
			name = Debug;
		};
		1986582A27F7E4D4008EDD6B /* Release */ = {
			isa = XCBuildConfiguration;
			baseConfigurationReference = 48B5040AAE33AF25CF027EAC /* Pods-chattyTests.release.xcconfig */;
			buildSettings = {
				ALWAYS_EMBED_SWIFT_STANDARD_LIBRARIES = YES;
				BUNDLE_LOADER = "$(TEST_HOST)";
				CODE_SIGN_STYLE = Automatic;
				CURRENT_PROJECT_VERSION = 1;
				DEVELOPMENT_TEAM = K2VAN9GH96;
				GENERATE_INFOPLIST_FILE = YES;
				IPHONEOS_DEPLOYMENT_TARGET = 15.4;
				MARKETING_VERSION = 1.0;
				PRODUCT_BUNDLE_IDENTIFIER = com.loinsir.chattyTests;
				PRODUCT_NAME = "$(TARGET_NAME)";
				SWIFT_EMIT_LOC_STRINGS = NO;
				SWIFT_VERSION = 5.0;
				TARGETED_DEVICE_FAMILY = "1,2";
				TEST_HOST = "$(BUILT_PRODUCTS_DIR)/chatty.app/chatty";
			};
			name = Release;
		};
		1986582C27F7E4D4008EDD6B /* Debug */ = {
			isa = XCBuildConfiguration;
			baseConfigurationReference = 742A5386DDBB842FDED20CA7 /* Pods-chatty-chattyUITests.debug.xcconfig */;
			buildSettings = {
				ALWAYS_EMBED_SWIFT_STANDARD_LIBRARIES = YES;
				CODE_SIGN_STYLE = Automatic;
				CURRENT_PROJECT_VERSION = 1;
				DEVELOPMENT_TEAM = K2VAN9GH96;
				GENERATE_INFOPLIST_FILE = YES;
				MARKETING_VERSION = 1.0;
				PRODUCT_BUNDLE_IDENTIFIER = com.loinsir.chattyUITests;
				PRODUCT_NAME = "$(TARGET_NAME)";
				SWIFT_EMIT_LOC_STRINGS = NO;
				SWIFT_VERSION = 5.0;
				TARGETED_DEVICE_FAMILY = "1,2";
				TEST_TARGET_NAME = chatty;
			};
			name = Debug;
		};
		1986582D27F7E4D4008EDD6B /* Release */ = {
			isa = XCBuildConfiguration;
			baseConfigurationReference = 80F8AE147ADBEFBBD9E0176C /* Pods-chatty-chattyUITests.release.xcconfig */;
			buildSettings = {
				ALWAYS_EMBED_SWIFT_STANDARD_LIBRARIES = YES;
				CODE_SIGN_STYLE = Automatic;
				CURRENT_PROJECT_VERSION = 1;
				DEVELOPMENT_TEAM = K2VAN9GH96;
				GENERATE_INFOPLIST_FILE = YES;
				MARKETING_VERSION = 1.0;
				PRODUCT_BUNDLE_IDENTIFIER = com.loinsir.chattyUITests;
				PRODUCT_NAME = "$(TARGET_NAME)";
				SWIFT_EMIT_LOC_STRINGS = NO;
				SWIFT_VERSION = 5.0;
				TARGETED_DEVICE_FAMILY = "1,2";
				TEST_TARGET_NAME = chatty;
			};
			name = Release;
		};
/* End XCBuildConfiguration section */

/* Begin XCConfigurationList section */
		198657F627F7E4D1008EDD6B /* Build configuration list for PBXProject "chatty" */ = {
			isa = XCConfigurationList;
			buildConfigurations = (
				1986582327F7E4D4008EDD6B /* Debug */,
				1986582427F7E4D4008EDD6B /* Release */,
			);
			defaultConfigurationIsVisible = 0;
			defaultConfigurationName = Release;
		};
		1986582527F7E4D4008EDD6B /* Build configuration list for PBXNativeTarget "chatty" */ = {
			isa = XCConfigurationList;
			buildConfigurations = (
				1986582627F7E4D4008EDD6B /* Debug */,
				1986582727F7E4D4008EDD6B /* Release */,
			);
			defaultConfigurationIsVisible = 0;
			defaultConfigurationName = Release;
		};
		1986582827F7E4D4008EDD6B /* Build configuration list for PBXNativeTarget "chattyTests" */ = {
			isa = XCConfigurationList;
			buildConfigurations = (
				1986582927F7E4D4008EDD6B /* Debug */,
				1986582A27F7E4D4008EDD6B /* Release */,
			);
			defaultConfigurationIsVisible = 0;
			defaultConfigurationName = Release;
		};
		1986582B27F7E4D4008EDD6B /* Build configuration list for PBXNativeTarget "chattyUITests" */ = {
			isa = XCConfigurationList;
			buildConfigurations = (
				1986582C27F7E4D4008EDD6B /* Debug */,
				1986582D27F7E4D4008EDD6B /* Release */,
			);
			defaultConfigurationIsVisible = 0;
			defaultConfigurationName = Release;
		};
/* End XCConfigurationList section */
	};
	rootObject = 198657F327F7E4D1008EDD6B /* Project object */;
}
